
Microsoft Visual Studio Solution File, Format Version 12.00
# Visual Studio Version 16
VisualStudioVersion = 16.0.810.4
MinimumVisualStudioVersion = 10.0.40219.1
Project("{FAE04EC0-301F-11D3-BF4B-00C04F79EFBC}") = "XamarinExample.Android", "XamarinExample.Android\XamarinExample.Android.csproj", "{79A19993-8555-4234-A93F-237F77FB6D9A}"
EndProject
Project("{FAE04EC0-301F-11D3-BF4B-00C04F79EFBC}") = "XamarinExample.iOS", "XamarinExample.iOS\XamarinExample.iOS.csproj", "{17B9A96E-1951-4325-BB45-2EF8DD4F42D0}"
EndProject
Project("{FAE04EC0-301F-11D3-BF4B-00C04F79EFBC}") = "XamarinExample", "XamarinExample\XamarinExample.csproj", "{94BFFDBE-911F-4C36-B12C-99C05B4CF027}"
EndProject
Project("{FAE04EC0-301F-11D3-BF4B-00C04F79EFBC}") = "ExamplePushServiceExtension", "ExamplePushServiceExtension\ExamplePushServiceExtension.csproj", "{68596DD4-8469-48E4-BCB9-BCFB79A5FCB6}"
EndProject
Project("{FAE04EC0-301F-11D3-BF4B-00C04F79EFBC}") = "ExamplePushContentExtension", "ExamplePushContentExtension\ExamplePushContentExtension.csproj", "{4CA99F78-93D9-4C01-A361-9063376C4D2D}"
EndProject
Global
	GlobalSection(SolutionConfigurationPlatforms) = preSolution
		Debug|Any CPU = Debug|Any CPU
		Release|Any CPU = Release|Any CPU
		Debug|iPhoneSimulator = Debug|iPhoneSimulator
		Release|iPhoneSimulator = Release|iPhoneSimulator
		Debug|iPhone = Debug|iPhone
		Release|iPhone = Release|iPhone
	EndGlobalSection
	GlobalSection(ProjectConfigurationPlatforms) = postSolution
		{79A19993-8555-4234-A93F-237F77FB6D9A}.Debug|Any CPU.ActiveCfg = Debug|Any CPU
		{79A19993-8555-4234-A93F-237F77FB6D9A}.Debug|Any CPU.Build.0 = Debug|Any CPU
		{79A19993-8555-4234-A93F-237F77FB6D9A}.Release|Any CPU.ActiveCfg = Release|Any CPU
		{79A19993-8555-4234-A93F-237F77FB6D9A}.Release|Any CPU.Build.0 = Release|Any CPU
		{79A19993-8555-4234-A93F-237F77FB6D9A}.Debug|iPhoneSimulator.ActiveCfg = Debug|Any CPU
		{79A19993-8555-4234-A93F-237F77FB6D9A}.Debug|iPhoneSimulator.Build.0 = Debug|Any CPU
		{79A19993-8555-4234-A93F-237F77FB6D9A}.Release|iPhoneSimulator.ActiveCfg = Release|Any CPU
		{79A19993-8555-4234-A93F-237F77FB6D9A}.Release|iPhoneSimulator.Build.0 = Release|Any CPU
		{79A19993-8555-4234-A93F-237F77FB6D9A}.Debug|iPhone.ActiveCfg = Debug|Any CPU
		{79A19993-8555-4234-A93F-237F77FB6D9A}.Debug|iPhone.Build.0 = Debug|Any CPU
		{79A19993-8555-4234-A93F-237F77FB6D9A}.Release|iPhone.ActiveCfg = Release|Any CPU
		{79A19993-8555-4234-A93F-237F77FB6D9A}.Release|iPhone.Build.0 = Release|Any CPU
		{17B9A96E-1951-4325-BB45-2EF8DD4F42D0}.Debug|Any CPU.ActiveCfg = Debug|iPhoneSimulator
		{17B9A96E-1951-4325-BB45-2EF8DD4F42D0}.Debug|Any CPU.Build.0 = Debug|iPhoneSimulator
		{17B9A96E-1951-4325-BB45-2EF8DD4F42D0}.Release|Any CPU.ActiveCfg = Release|iPhoneSimulator
		{17B9A96E-1951-4325-BB45-2EF8DD4F42D0}.Release|Any CPU.Build.0 = Release|iPhoneSimulator
		{17B9A96E-1951-4325-BB45-2EF8DD4F42D0}.Debug|iPhoneSimulator.ActiveCfg = Debug|iPhoneSimulator
		{17B9A96E-1951-4325-BB45-2EF8DD4F42D0}.Debug|iPhoneSimulator.Build.0 = Debug|iPhoneSimulator
		{17B9A96E-1951-4325-BB45-2EF8DD4F42D0}.Release|iPhoneSimulator.ActiveCfg = Release|iPhoneSimulator
		{17B9A96E-1951-4325-BB45-2EF8DD4F42D0}.Release|iPhoneSimulator.Build.0 = Release|iPhoneSimulator
		{17B9A96E-1951-4325-BB45-2EF8DD4F42D0}.Debug|iPhone.ActiveCfg = Debug|iPhone
		{17B9A96E-1951-4325-BB45-2EF8DD4F42D0}.Debug|iPhone.Build.0 = Debug|iPhone
		{17B9A96E-1951-4325-BB45-2EF8DD4F42D0}.Release|iPhone.ActiveCfg = Release|iPhone
		{17B9A96E-1951-4325-BB45-2EF8DD4F42D0}.Release|iPhone.Build.0 = Release|iPhone
		{94BFFDBE-911F-4C36-B12C-99C05B4CF027}.Debug|Any CPU.ActiveCfg = Debug|Any CPU
		{94BFFDBE-911F-4C36-B12C-99C05B4CF027}.Debug|Any CPU.Build.0 = Debug|Any CPU
		{94BFFDBE-911F-4C36-B12C-99C05B4CF027}.Release|Any CPU.ActiveCfg = Release|Any CPU
		{94BFFDBE-911F-4C36-B12C-99C05B4CF027}.Release|Any CPU.Build.0 = Release|Any CPU
		{94BFFDBE-911F-4C36-B12C-99C05B4CF027}.Debug|iPhoneSimulator.ActiveCfg = Debug|Any CPU
		{94BFFDBE-911F-4C36-B12C-99C05B4CF027}.Debug|iPhoneSimulator.Build.0 = Debug|Any CPU
		{94BFFDBE-911F-4C36-B12C-99C05B4CF027}.Release|iPhoneSimulator.ActiveCfg = Release|Any CPU
		{94BFFDBE-911F-4C36-B12C-99C05B4CF027}.Release|iPhoneSimulator.Build.0 = Release|Any CPU
		{94BFFDBE-911F-4C36-B12C-99C05B4CF027}.Debug|iPhone.ActiveCfg = Debug|Any CPU
		{94BFFDBE-911F-4C36-B12C-99C05B4CF027}.Debug|iPhone.Build.0 = Debug|Any CPU
		{94BFFDBE-911F-4C36-B12C-99C05B4CF027}.Release|iPhone.ActiveCfg = Release|Any CPU
		{94BFFDBE-911F-4C36-B12C-99C05B4CF027}.Release|iPhone.Build.0 = Release|Any CPU
		{68596DD4-8469-48E4-BCB9-BCFB79A5FCB6}.Debug|Any CPU.ActiveCfg = Debug|iPhoneSimulator
		{68596DD4-8469-48E4-BCB9-BCFB79A5FCB6}.Debug|Any CPU.Build.0 = Debug|iPhoneSimulator
		{68596DD4-8469-48E4-BCB9-BCFB79A5FCB6}.Release|Any CPU.ActiveCfg = Release|iPhoneSimulator
		{68596DD4-8469-48E4-BCB9-BCFB79A5FCB6}.Release|Any CPU.Build.0 = Release|iPhoneSimulator
		{68596DD4-8469-48E4-BCB9-BCFB79A5FCB6}.Debug|iPhoneSimulator.ActiveCfg = Debug|iPhoneSimulator
		{68596DD4-8469-48E4-BCB9-BCFB79A5FCB6}.Debug|iPhoneSimulator.Build.0 = Debug|iPhoneSimulator
		{68596DD4-8469-48E4-BCB9-BCFB79A5FCB6}.Release|iPhoneSimulator.ActiveCfg = Release|iPhoneSimulator
		{68596DD4-8469-48E4-BCB9-BCFB79A5FCB6}.Release|iPhoneSimulator.Build.0 = Release|iPhoneSimulator
		{68596DD4-8469-48E4-BCB9-BCFB79A5FCB6}.Debug|iPhone.ActiveCfg = Debug|iPhone
		{68596DD4-8469-48E4-BCB9-BCFB79A5FCB6}.Debug|iPhone.Build.0 = Debug|iPhone
		{68596DD4-8469-48E4-BCB9-BCFB79A5FCB6}.Release|iPhone.ActiveCfg = Release|iPhone
		{68596DD4-8469-48E4-BCB9-BCFB79A5FCB6}.Release|iPhone.Build.0 = Release|iPhone
		{4CA99F78-93D9-4C01-A361-9063376C4D2D}.Debug|Any CPU.ActiveCfg = Debug|iPhoneSimulator
		{4CA99F78-93D9-4C01-A361-9063376C4D2D}.Debug|Any CPU.Build.0 = Debug|iPhoneSimulator
		{4CA99F78-93D9-4C01-A361-9063376C4D2D}.Release|Any CPU.ActiveCfg = Release|iPhoneSimulator
		{4CA99F78-93D9-4C01-A361-9063376C4D2D}.Release|Any CPU.Build.0 = Release|iPhoneSimulator
		{4CA99F78-93D9-4C01-A361-9063376C4D2D}.Debug|iPhoneSimulator.ActiveCfg = Debug|iPhoneSimulator
		{4CA99F78-93D9-4C01-A361-9063376C4D2D}.Debug|iPhoneSimulator.Build.0 = Debug|iPhoneSimulator
		{4CA99F78-93D9-4C01-A361-9063376C4D2D}.Release|iPhoneSimulator.ActiveCfg = Release|iPhoneSimulator
		{4CA99F78-93D9-4C01-A361-9063376C4D2D}.Release|iPhoneSimulator.Build.0 = Release|iPhoneSimulator
		{4CA99F78-93D9-4C01-A361-9063376C4D2D}.Debug|iPhone.ActiveCfg = Debug|iPhone
		{4CA99F78-93D9-4C01-A361-9063376C4D2D}.Debug|iPhone.Build.0 = Debug|iPhone
		{4CA99F78-93D9-4C01-A361-9063376C4D2D}.Release|iPhone.ActiveCfg = Release|iPhone
		{4CA99F78-93D9-4C01-A361-9063376C4D2D}.Release|iPhone.Build.0 = Release|iPhone
	EndGlobalSection
	GlobalSection(SolutionProperties) = preSolution
		HideSolutionNode = FALSE
	EndGlobalSection
	GlobalSection(ExtensibilityGlobals) = postSolution
		SolutionGuid = {D83EFFAD-9B91-420E-AE4D-39F7238550CF}
	EndGlobalSection
EndGlobal
