
Microsoft Visual Studio Solution File, Format Version 12.00
# Visual Studio Version 16
VisualStudioVersion = 16.0.810.6
MinimumVisualStudioVersion = 10.0.40219.1
Project("{FAE04EC0-301F-11D3-BF4B-00C04F79EFBC}") = "ExponeaSDK.iOS", "ExponeaSDK.iOS.csproj", "{05A1689E-E4F6-4678-8DF0-F60D81908D1B}"
EndProject
Global
	GlobalSection(SolutionConfigurationPlatforms) = preSolution
		Debug|Any CPU = Debug|Any CPU
		Release|Any CPU = Release|Any CPU
	EndGlobalSection
	GlobalSection(ProjectConfigurationPlatforms) = postSolution
		{05A1689E-E4F6-4678-8DF0-F60D81908D1B}.Debug|Any CPU.ActiveCfg = Debug|Any CPU
		{05A1689E-E4F6-4678-8DF0-F60D81908D1B}.Debug|Any CPU.Build.0 = Debug|Any CPU
		{05A1689E-E4F6-4678-8DF0-F60D81908D1B}.Release|Any CPU.ActiveCfg = Release|Any CPU
		{05A1689E-E4F6-4678-8DF0-F60D81908D1B}.Release|Any CPU.Build.0 = Release|Any CPU
	EndGlobalSection
	GlobalSection(SolutionProperties) = preSolution
		HideSolutionNode = FALSE
	EndGlobalSection
	GlobalSection(ExtensibilityGlobals) = postSolution
		SolutionGuid = {102E1690-82C6-47E3-839B-ABB0E643CE60}
	EndGlobalSection
	GlobalSection(MonoDevelopProperties) = preSolution
		Policies = $0
		$0.VersionControlPolicy = $1
		version = 0.2.0
	EndGlobalSection
EndGlobal
