
Microsoft Visual Studio Solution File, Format Version 12.00
# Visual Studio Version 16
VisualStudioVersion = 16.0.810.16
MinimumVisualStudioVersion = 10.0.40219.1
Project("{FAE04EC0-301F-11D3-BF4B-00C04F79EFBC}") = "XamarinExample.Android", "XamarinExample.Android.csproj", "{79A19993-8555-4234-A93F-237F77FB6D9A}"
EndProject
Global
	GlobalSection(SolutionConfigurationPlatforms) = preSolution
		Debug|Any CPU = Debug|Any CPU
		Release|Any CPU = Release|Any CPU
	EndGlobalSection
	GlobalSection(ProjectConfigurationPlatforms) = postSolution
		{79A19993-8555-4234-A93F-237F77FB6D9A}.Debug|Any CPU.ActiveCfg = Debug|Any CPU
		{79A19993-8555-4234-A93F-237F77FB6D9A}.Debug|Any CPU.Build.0 = Debug|Any CPU
		{79A19993-8555-4234-A93F-237F77FB6D9A}.Release|Any CPU.ActiveCfg = Release|Any CPU
		{79A19993-8555-4234-A93F-237F77FB6D9A}.Release|Any CPU.Build.0 = Release|Any CPU
	EndGlobalSection
	GlobalSection(SolutionProperties) = preSolution
		HideSolutionNode = FALSE
	EndGlobalSection
	GlobalSection(ExtensibilityGlobals) = postSolution
		SolutionGuid = {76758072-186E-41EA-9EB3-F99C46DB7262}
	EndGlobalSection
EndGlobal
