// !$*UTF8*$!
{
	archiveVersion = 1;
	classes = {
	};
	objectVersion = 52;
	objects = {

/* Begin PBXBuildFile section */
		557F41372A29CB5000557A40 /* AnyCodable.xcframework in Frameworks */ = {isa = PBXBuildFile; fileRef = CC353C43273D275300319DF9 /* AnyCodable.xcframework */; };
		557F41382A29CB5000557A40 /* AnyCodable.xcframework in Embed Frameworks */ = {isa = PBXBuildFile; fileRef = CC353C43273D275300319DF9 /* AnyCodable.xcframework */; settings = {ATTRIBUTES = (CodeSignOnCopy, RemoveHeadersOnCopy, ); }; };
		557F41392A29CB5000557A40 /* ExponeaSDK.xcframework in Frameworks */ = {isa = PBXBuildFile; fileRef = CC353C44273D275300319DF9 /* ExponeaSDK.xcframework */; };
		557F413A2A29CB5000557A40 /* ExponeaSDK.xcframework in Embed Frameworks */ = {isa = PBXBuildFile; fileRef = CC353C44273D275300319DF9 /* ExponeaSDK.xcframework */; settings = {ATTRIBUTES = (CodeSignOnCopy, RemoveHeadersOnCopy, ); }; };
		557F413B2A29CB5000557A40 /* ExponeaSDKNotifications.xcframework in Frameworks */ = {isa = PBXBuildFile; fileRef = 554B674328C880950059E1CB /* ExponeaSDKNotifications.xcframework */; };
		557F413C2A29CB5000557A40 /* ExponeaSDKNotifications.xcframework in Embed Frameworks */ = {isa = PBXBuildFile; fileRef = 554B674328C880950059E1CB /* ExponeaSDKNotifications.xcframework */; settings = {ATTRIBUTES = (CodeSignOnCopy, RemoveHeadersOnCopy, ); }; };
		557F413D2A29CB5000557A40 /* ExponeaSDKObjC.xcframework in Frameworks */ = {isa = PBXBuildFile; fileRef = CC353C4A273D275600319DF9 /* ExponeaSDKObjC.xcframework */; };
		557F413E2A29CB5000557A40 /* ExponeaSDKObjC.xcframework in Embed Frameworks */ = {isa = PBXBuildFile; fileRef = CC353C4A273D275600319DF9 /* ExponeaSDKObjC.xcframework */; settings = {ATTRIBUTES = (CodeSignOnCopy, RemoveHeadersOnCopy, ); }; };
		557F413F2A29CB5000557A40 /* ExponeaSDKShared.xcframework in Frameworks */ = {isa = PBXBuildFile; fileRef = CC353C4B273D275600319DF9 /* ExponeaSDKShared.xcframework */; };
		557F41402A29CB5000557A40 /* ExponeaSDKShared.xcframework in Embed Frameworks */ = {isa = PBXBuildFile; fileRef = CC353C4B273D275600319DF9 /* ExponeaSDKShared.xcframework */; settings = {ATTRIBUTES = (CodeSignOnCopy, RemoveHeadersOnCopy, ); }; };
		557F41412A29CB5000557A40 /* SwiftSoup.xcframework in Frameworks */ = {isa = PBXBuildFile; fileRef = 554B674428C880950059E1CB /* SwiftSoup.xcframework */; };
		557F41422A29CB5000557A40 /* SwiftSoup.xcframework in Embed Frameworks */ = {isa = PBXBuildFile; fileRef = 554B674428C880950059E1CB /* SwiftSoup.xcframework */; settings = {ATTRIBUTES = (CodeSignOnCopy, RemoveHeadersOnCopy, ); }; };
		558E93EA2A27699300015106 /* AppInboxMessage.swift in Sources */ = {isa = PBXBuildFile; fileRef = 558E93E92A27699300015106 /* AppInboxMessage.swift */; };
		CC353BD3273BE9A500319DF9 /* ExponeaSDKProxy.framework in Frameworks */ = {isa = PBXBuildFile; fileRef = CCE77DBA26AFF2D7008866B0 /* ExponeaSDKProxy.framework */; };
		CC353BE2273BE9E200319DF9 /* Exponea+AnonymizeSpec.swift in Sources */ = {isa = PBXBuildFile; fileRef = CC353BDA273BE9E200319DF9 /* Exponea+AnonymizeSpec.swift */; };
		CC353BE3273BE9E200319DF9 /* ExponeaSpec.swift in Sources */ = {isa = PBXBuildFile; fileRef = CC353BDB273BE9E200319DF9 /* ExponeaSpec.swift */; };
		CC353BE4273BE9E200319DF9 /* MockExponea.swift in Sources */ = {isa = PBXBuildFile; fileRef = CC353BDC273BE9E200319DF9 /* MockExponea.swift */; };
		CC353BE5273BE9E200319DF9 /* TestUtil.swift in Sources */ = {isa = PBXBuildFile; fileRef = CC353BDD273BE9E200319DF9 /* TestUtil.swift */; };
		CC353BE6273BE9E200319DF9 /* JsonDataParserSpec.swift in Sources */ = {isa = PBXBuildFile; fileRef = CC353BDE273BE9E200319DF9 /* JsonDataParserSpec.swift */; };
		CC353BE7273BE9E200319DF9 /* Exponea+FetchingSpec.swift in Sources */ = {isa = PBXBuildFile; fileRef = CC353BDF273BE9E200319DF9 /* Exponea+FetchingSpec.swift */; };
		CC353BE8273BE9E200319DF9 /* Exponea+TrackingSpec.swift in Sources */ = {isa = PBXBuildFile; fileRef = CC353BE0273BE9E200319DF9 /* Exponea+TrackingSpec.swift */; };
		CC353BE9273BE9E200319DF9 /* ConfigurationParserSpec.swift in Sources */ = {isa = PBXBuildFile; fileRef = CC353BE1273BE9E200319DF9 /* ConfigurationParserSpec.swift */; };
		CC353BEC273BEA5600319DF9 /* Nimble in Frameworks */ = {isa = PBXBuildFile; productRef = CC353BEB273BEA5600319DF9 /* Nimble */; };
		CC353BF2273BEA8200319DF9 /* Quick in Frameworks */ = {isa = PBXBuildFile; productRef = CC353BF1273BEA8200319DF9 /* Quick */; };
		CC48EA3426D510B9006B220D /* ConfigParser.swift in Sources */ = {isa = PBXBuildFile; fileRef = CC48EA3326D510B9006B220D /* ConfigParser.swift */; };
		CCABBB9126D632E000DC0DC4 /* ExponeaError.swift in Sources */ = {isa = PBXBuildFile; fileRef = CCABBB9026D632E000DC0DC4 /* ExponeaError.swift */; };
		CCABBB9326D632F200DC0DC4 /* ExponeaDataError.swift in Sources */ = {isa = PBXBuildFile; fileRef = CCABBB9226D632F200DC0DC4 /* ExponeaDataError.swift */; };
		CCABBB9526D6330D00DC0DC4 /* JsonDataParser.swift in Sources */ = {isa = PBXBuildFile; fileRef = CCABBB9426D6330D00DC0DC4 /* JsonDataParser.swift */; };
		CCABBB9726D6331F00DC0DC4 /* NSDictionary+getSafely.swift in Sources */ = {isa = PBXBuildFile; fileRef = CCABBB9626D6331F00DC0DC4 /* NSDictionary+getSafely.swift */; };
		CCABBB9926D7875A00DC0DC4 /* AllRecommendationData.swift in Sources */ = {isa = PBXBuildFile; fileRef = CCABBB9826D7875A00DC0DC4 /* AllRecommendationData.swift */; };
		CCCB26F127C3A8A20053792C /* InAppDelegate.swift in Sources */ = {isa = PBXBuildFile; fileRef = CCCB26F027C3A8A20053792C /* InAppDelegate.swift */; };
		CCE77DBF26AFF2D7008866B0 /* ExponeaSDKProxy.h in Headers */ = {isa = PBXBuildFile; fileRef = CCE77DBD26AFF2D7008866B0 /* ExponeaSDKProxy.h */; settings = {ATTRIBUTES = (Public, ); }; };
		CCE77DCB26AFF353008866B0 /* Exponea.swift in Sources */ = {isa = PBXBuildFile; fileRef = CCE77DCA26AFF353008866B0 /* Exponea.swift */; };
		CCFD457D27CF684100B4CF27 /* SimpleInAppMessage.swift in Sources */ = {isa = PBXBuildFile; fileRef = CCFD457C27CF684100B4CF27 /* SimpleInAppMessage.swift */; };
/* End PBXBuildFile section */

/* Begin PBXContainerItemProxy section */
		CC353BD4273BE9A500319DF9 /* PBXContainerItemProxy */ = {
			isa = PBXContainerItemProxy;
			containerPortal = CCE77DB126AFF2D7008866B0 /* Project object */;
			proxyType = 1;
			remoteGlobalIDString = CCE77DB926AFF2D7008866B0;
			remoteInfo = ExponeaSDKProxy;
		};
/* End PBXContainerItemProxy section */

/* Begin PBXCopyFilesBuildPhase section */
		557F41432A29CB5000557A40 /* Embed Frameworks */ = {
			isa = PBXCopyFilesBuildPhase;
			buildActionMask = 2147483647;
			dstPath = "";
			dstSubfolderSpec = 10;
			files = (
				557F41402A29CB5000557A40 /* ExponeaSDKShared.xcframework in Embed Frameworks */,
				557F41382A29CB5000557A40 /* AnyCodable.xcframework in Embed Frameworks */,
				557F413E2A29CB5000557A40 /* ExponeaSDKObjC.xcframework in Embed Frameworks */,
				557F413C2A29CB5000557A40 /* ExponeaSDKNotifications.xcframework in Embed Frameworks */,
				557F41422A29CB5000557A40 /* SwiftSoup.xcframework in Embed Frameworks */,
				557F413A2A29CB5000557A40 /* ExponeaSDK.xcframework in Embed Frameworks */,
			);
			name = "Embed Frameworks";
			runOnlyForDeploymentPostprocessing = 0;
		};
/* End PBXCopyFilesBuildPhase section */

/* Begin PBXFileReference section */
		554B674328C880950059E1CB /* ExponeaSDKNotifications.xcframework */ = {isa = PBXFileReference; lastKnownFileType = wrapper.xcframework; name = ExponeaSDKNotifications.xcframework; path = ../Carthage/Build/ExponeaSDKNotifications.xcframework; sourceTree = "<group>"; };
		554B674428C880950059E1CB /* SwiftSoup.xcframework */ = {isa = PBXFileReference; lastKnownFileType = wrapper.xcframework; name = SwiftSoup.xcframework; path = ../Carthage/Build/SwiftSoup.xcframework; sourceTree = "<group>"; };
		558E93E92A27699300015106 /* AppInboxMessage.swift */ = {isa = PBXFileReference; lastKnownFileType = sourcecode.swift; path = AppInboxMessage.swift; sourceTree = "<group>"; };
		CC353BCF273BE9A500319DF9 /* ExponeaSDKProxyTests.xctest */ = {isa = PBXFileReference; explicitFileType = wrapper.cfbundle; includeInIndex = 0; path = ExponeaSDKProxyTests.xctest; sourceTree = BUILT_PRODUCTS_DIR; };
		CC353BD9273BE9E100319DF9 /* ExponeaSDKProxyTests-Bridging-Header.h */ = {isa = PBXFileReference; lastKnownFileType = sourcecode.c.h; path = "ExponeaSDKProxyTests-Bridging-Header.h"; sourceTree = "<group>"; };
		CC353BDA273BE9E200319DF9 /* Exponea+AnonymizeSpec.swift */ = {isa = PBXFileReference; fileEncoding = 4; lastKnownFileType = sourcecode.swift; path = "Exponea+AnonymizeSpec.swift"; sourceTree = "<group>"; };
		CC353BDB273BE9E200319DF9 /* ExponeaSpec.swift */ = {isa = PBXFileReference; fileEncoding = 4; lastKnownFileType = sourcecode.swift; path = ExponeaSpec.swift; sourceTree = "<group>"; };
		CC353BDC273BE9E200319DF9 /* MockExponea.swift */ = {isa = PBXFileReference; fileEncoding = 4; lastKnownFileType = sourcecode.swift; path = MockExponea.swift; sourceTree = "<group>"; };
		CC353BDD273BE9E200319DF9 /* TestUtil.swift */ = {isa = PBXFileReference; fileEncoding = 4; lastKnownFileType = sourcecode.swift; path = TestUtil.swift; sourceTree = "<group>"; };
		CC353BDE273BE9E200319DF9 /* JsonDataParserSpec.swift */ = {isa = PBXFileReference; fileEncoding = 4; lastKnownFileType = sourcecode.swift; path = JsonDataParserSpec.swift; sourceTree = "<group>"; };
		CC353BDF273BE9E200319DF9 /* Exponea+FetchingSpec.swift */ = {isa = PBXFileReference; fileEncoding = 4; lastKnownFileType = sourcecode.swift; path = "Exponea+FetchingSpec.swift"; sourceTree = "<group>"; };
		CC353BE0273BE9E200319DF9 /* Exponea+TrackingSpec.swift */ = {isa = PBXFileReference; fileEncoding = 4; lastKnownFileType = sourcecode.swift; path = "Exponea+TrackingSpec.swift"; sourceTree = "<group>"; };
		CC353BE1273BE9E200319DF9 /* ConfigurationParserSpec.swift */ = {isa = PBXFileReference; fileEncoding = 4; lastKnownFileType = sourcecode.swift; path = ConfigurationParserSpec.swift; sourceTree = "<group>"; };
		CC353C43273D275300319DF9 /* AnyCodable.xcframework */ = {isa = PBXFileReference; lastKnownFileType = wrapper.xcframework; name = AnyCodable.xcframework; path = ../Carthage/Build/AnyCodable.xcframework; sourceTree = "<group>"; };
		CC353C44273D275300319DF9 /* ExponeaSDK.xcframework */ = {isa = PBXFileReference; lastKnownFileType = wrapper.xcframework; name = ExponeaSDK.xcframework; path = ../Carthage/Build/ExponeaSDK.xcframework; sourceTree = "<group>"; };
		CC353C4A273D275600319DF9 /* ExponeaSDKObjC.xcframework */ = {isa = PBXFileReference; lastKnownFileType = wrapper.xcframework; name = ExponeaSDKObjC.xcframework; path = ../Carthage/Build/ExponeaSDKObjC.xcframework; sourceTree = "<group>"; };
		CC353C4B273D275600319DF9 /* ExponeaSDKShared.xcframework */ = {isa = PBXFileReference; lastKnownFileType = wrapper.xcframework; name = ExponeaSDKShared.xcframework; path = ../Carthage/Build/ExponeaSDKShared.xcframework; sourceTree = "<group>"; };
		CC48EA3326D510B9006B220D /* ConfigParser.swift */ = {isa = PBXFileReference; lastKnownFileType = sourcecode.swift; path = ConfigParser.swift; sourceTree = "<group>"; };
		CCABBB9026D632E000DC0DC4 /* ExponeaError.swift */ = {isa = PBXFileReference; fileEncoding = 4; lastKnownFileType = sourcecode.swift; path = ExponeaError.swift; sourceTree = "<group>"; };
		CCABBB9226D632F200DC0DC4 /* ExponeaDataError.swift */ = {isa = PBXFileReference; fileEncoding = 4; lastKnownFileType = sourcecode.swift; path = ExponeaDataError.swift; sourceTree = "<group>"; };
		CCABBB9426D6330D00DC0DC4 /* JsonDataParser.swift */ = {isa = PBXFileReference; fileEncoding = 4; lastKnownFileType = sourcecode.swift; path = JsonDataParser.swift; sourceTree = "<group>"; };
		CCABBB9626D6331F00DC0DC4 /* NSDictionary+getSafely.swift */ = {isa = PBXFileReference; fileEncoding = 4; lastKnownFileType = sourcecode.swift; path = "NSDictionary+getSafely.swift"; sourceTree = "<group>"; };
		CCABBB9826D7875A00DC0DC4 /* AllRecommendationData.swift */ = {isa = PBXFileReference; lastKnownFileType = sourcecode.swift; path = AllRecommendationData.swift; sourceTree = "<group>"; };
		CCCB26F027C3A8A20053792C /* InAppDelegate.swift */ = {isa = PBXFileReference; lastKnownFileType = sourcecode.swift; path = InAppDelegate.swift; sourceTree = "<group>"; };
		CCE77DBA26AFF2D7008866B0 /* ExponeaSDKProxy.framework */ = {isa = PBXFileReference; explicitFileType = wrapper.framework; includeInIndex = 0; path = ExponeaSDKProxy.framework; sourceTree = BUILT_PRODUCTS_DIR; };
		CCE77DBD26AFF2D7008866B0 /* ExponeaSDKProxy.h */ = {isa = PBXFileReference; lastKnownFileType = sourcecode.c.h; path = ExponeaSDKProxy.h; sourceTree = "<group>"; };
		CCE77DBE26AFF2D7008866B0 /* Info.plist */ = {isa = PBXFileReference; lastKnownFileType = text.plist.xml; path = Info.plist; sourceTree = "<group>"; };
		CCE77DCA26AFF353008866B0 /* Exponea.swift */ = {isa = PBXFileReference; lastKnownFileType = sourcecode.swift; path = Exponea.swift; sourceTree = "<group>"; };
		CCFD457C27CF684100B4CF27 /* SimpleInAppMessage.swift */ = {isa = PBXFileReference; lastKnownFileType = sourcecode.swift; path = SimpleInAppMessage.swift; sourceTree = "<group>"; };
/* End PBXFileReference section */

/* Begin PBXFrameworksBuildPhase section */
		CC353BCC273BE9A500319DF9 /* Frameworks */ = {
			isa = PBXFrameworksBuildPhase;
			buildActionMask = 2147483647;
			files = (
				CC353BD3273BE9A500319DF9 /* ExponeaSDKProxy.framework in Frameworks */,
				CC353BEC273BEA5600319DF9 /* Nimble in Frameworks */,
				CC353BF2273BEA8200319DF9 /* Quick in Frameworks */,
			);
			runOnlyForDeploymentPostprocessing = 0;
		};
		CCE77DB726AFF2D7008866B0 /* Frameworks */ = {
			isa = PBXFrameworksBuildPhase;
			buildActionMask = 2147483647;
			files = (
				557F413F2A29CB5000557A40 /* ExponeaSDKShared.xcframework in Frameworks */,
				557F41372A29CB5000557A40 /* AnyCodable.xcframework in Frameworks */,
				557F413D2A29CB5000557A40 /* ExponeaSDKObjC.xcframework in Frameworks */,
				557F413B2A29CB5000557A40 /* ExponeaSDKNotifications.xcframework in Frameworks */,
				557F41412A29CB5000557A40 /* SwiftSoup.xcframework in Frameworks */,
				557F41392A29CB5000557A40 /* ExponeaSDK.xcframework in Frameworks */,
			);
			runOnlyForDeploymentPostprocessing = 0;
		};
/* End PBXFrameworksBuildPhase section */

/* Begin PBXGroup section */
		CC353BD0273BE9A500319DF9 /* ExponeaSDKProxyTests */ = {
			isa = PBXGroup;
			children = (
				CC353BE1273BE9E200319DF9 /* ConfigurationParserSpec.swift */,
				CC353BDA273BE9E200319DF9 /* Exponea+AnonymizeSpec.swift */,
				CC353BDF273BE9E200319DF9 /* Exponea+FetchingSpec.swift */,
				CC353BE0273BE9E200319DF9 /* Exponea+TrackingSpec.swift */,
				CC353BDB273BE9E200319DF9 /* ExponeaSpec.swift */,
				CC353BDE273BE9E200319DF9 /* JsonDataParserSpec.swift */,
				CC353BDC273BE9E200319DF9 /* MockExponea.swift */,
				CC353BDD273BE9E200319DF9 /* TestUtil.swift */,
				CC353BD9273BE9E100319DF9 /* ExponeaSDKProxyTests-Bridging-Header.h */,
			);
			path = ExponeaSDKProxyTests;
			sourceTree = "<group>";
		};
		CCE77DB026AFF2D7008866B0 = {
			isa = PBXGroup;
			children = (
				CCE77DBC26AFF2D7008866B0 /* ExponeaSDKProxy */,
				CC353BD0273BE9A500319DF9 /* ExponeaSDKProxyTests */,
				CCE77DBB26AFF2D7008866B0 /* Products */,
				CCE77DCC26AFF62B008866B0 /* Frameworks */,
			);
			sourceTree = "<group>";
		};
		CCE77DBB26AFF2D7008866B0 /* Products */ = {
			isa = PBXGroup;
			children = (
				CCE77DBA26AFF2D7008866B0 /* ExponeaSDKProxy.framework */,
				CC353BCF273BE9A500319DF9 /* ExponeaSDKProxyTests.xctest */,
			);
			name = Products;
			sourceTree = "<group>";
		};
		CCE77DBC26AFF2D7008866B0 /* ExponeaSDKProxy */ = {
			isa = PBXGroup;
			children = (
				CCABBB9626D6331F00DC0DC4 /* NSDictionary+getSafely.swift */,
				CCABBB9426D6330D00DC0DC4 /* JsonDataParser.swift */,
				CCABBB9226D632F200DC0DC4 /* ExponeaDataError.swift */,
				CCABBB9026D632E000DC0DC4 /* ExponeaError.swift */,
				CCE77DBD26AFF2D7008866B0 /* ExponeaSDKProxy.h */,
				CCE77DBE26AFF2D7008866B0 /* Info.plist */,
				CCE77DCA26AFF353008866B0 /* Exponea.swift */,
				CC48EA3326D510B9006B220D /* ConfigParser.swift */,
				CCABBB9826D7875A00DC0DC4 /* AllRecommendationData.swift */,
				CCCB26F027C3A8A20053792C /* InAppDelegate.swift */,
				CCFD457C27CF684100B4CF27 /* SimpleInAppMessage.swift */,
				558E93E92A27699300015106 /* AppInboxMessage.swift */,
			);
			path = ExponeaSDKProxy;
			sourceTree = "<group>";
		};
		CCE77DCC26AFF62B008866B0 /* Frameworks */ = {
			isa = PBXGroup;
			children = (
				554B674328C880950059E1CB /* ExponeaSDKNotifications.xcframework */,
				554B674428C880950059E1CB /* SwiftSoup.xcframework */,
				CC353C4A273D275600319DF9 /* ExponeaSDKObjC.xcframework */,
				CC353C4B273D275600319DF9 /* ExponeaSDKShared.xcframework */,
				CC353C43273D275300319DF9 /* AnyCodable.xcframework */,
				CC353C44273D275300319DF9 /* ExponeaSDK.xcframework */,
			);
			name = Frameworks;
			sourceTree = "<group>";
		};
/* End PBXGroup section */

/* Begin PBXHeadersBuildPhase section */
		CCE77DB526AFF2D7008866B0 /* Headers */ = {
			isa = PBXHeadersBuildPhase;
			buildActionMask = 2147483647;
			files = (
				CCE77DBF26AFF2D7008866B0 /* ExponeaSDKProxy.h in Headers */,
			);
			runOnlyForDeploymentPostprocessing = 0;
		};
/* End PBXHeadersBuildPhase section */

/* Begin PBXNativeTarget section */
		CC353BCE273BE9A500319DF9 /* ExponeaSDKProxyTests */ = {
			isa = PBXNativeTarget;
			buildConfigurationList = CC353BD8273BE9A500319DF9 /* Build configuration list for PBXNativeTarget "ExponeaSDKProxyTests" */;
			buildPhases = (
				CC353BCB273BE9A500319DF9 /* Sources */,
				CC353BCC273BE9A500319DF9 /* Frameworks */,
				CC353BCD273BE9A500319DF9 /* Resources */,
			);
			buildRules = (
			);
			dependencies = (
				CC353BD5273BE9A500319DF9 /* PBXTargetDependency */,
			);
			name = ExponeaSDKProxyTests;
			packageProductDependencies = (
				CC353BEB273BEA5600319DF9 /* Nimble */,
				CC353BF1273BEA8200319DF9 /* Quick */,
			);
			productName = ExponeaSDKProxyTests;
			productReference = CC353BCF273BE9A500319DF9 /* ExponeaSDKProxyTests.xctest */;
			productType = "com.apple.product-type.bundle.unit-test";
		};
		CCE77DB926AFF2D7008866B0 /* ExponeaSDKProxy */ = {
			isa = PBXNativeTarget;
			buildConfigurationList = CCE77DC226AFF2D7008866B0 /* Build configuration list for PBXNativeTarget "ExponeaSDKProxy" */;
			buildPhases = (
				D17AE756A6358F0355340472 /* [CP] Check Pods Manifest.lock */,
				CCE77DB526AFF2D7008866B0 /* Headers */,
				CCE77DB626AFF2D7008866B0 /* Sources */,
				CCE77DB726AFF2D7008866B0 /* Frameworks */,
				CCE77DB826AFF2D7008866B0 /* Resources */,
				557F41432A29CB5000557A40 /* Embed Frameworks */,
			);
			buildRules = (
			);
			dependencies = (
			);
			name = ExponeaSDKProxy;
			packageProductDependencies = (
			);
			productName = ExponeaSDKProxy;
			productReference = CCE77DBA26AFF2D7008866B0 /* ExponeaSDKProxy.framework */;
			productType = "com.apple.product-type.framework";
		};
/* End PBXNativeTarget section */

/* Begin PBXProject section */
		CCE77DB126AFF2D7008866B0 /* Project object */ = {
			isa = PBXProject;
			attributes = {
				LastSwiftUpdateCheck = 1310;
				LastUpgradeCheck = 1250;
				TargetAttributes = {
					CC353BCE273BE9A500319DF9 = {
						CreatedOnToolsVersion = 13.1;
						LastSwiftMigration = 1310;
					};
					CCE77DB926AFF2D7008866B0 = {
						CreatedOnToolsVersion = 12.5;
						LastSwiftMigration = 1250;
					};
				};
			};
			buildConfigurationList = CCE77DB426AFF2D7008866B0 /* Build configuration list for PBXProject "ExponeaSDKProxy" */;
			compatibilityVersion = "Xcode 9.3";
			developmentRegion = en;
			hasScannedForEncodings = 0;
			knownRegions = (
				en,
				Base,
			);
			mainGroup = CCE77DB026AFF2D7008866B0;
			packageReferences = (
				CC353BEA273BEA5600319DF9 /* XCRemoteSwiftPackageReference "Nimble" */,
				CC353BF0273BEA8200319DF9 /* XCRemoteSwiftPackageReference "Quick" */,
			);
			productRefGroup = CCE77DBB26AFF2D7008866B0 /* Products */;
			projectDirPath = "";
			projectRoot = "";
			targets = (
				CCE77DB926AFF2D7008866B0 /* ExponeaSDKProxy */,
				CC353BCE273BE9A500319DF9 /* ExponeaSDKProxyTests */,
			);
		};
/* End PBXProject section */

/* Begin PBXResourcesBuildPhase section */
		CC353BCD273BE9A500319DF9 /* Resources */ = {
			isa = PBXResourcesBuildPhase;
			buildActionMask = 2147483647;
			files = (
			);
			runOnlyForDeploymentPostprocessing = 0;
		};
		CCE77DB826AFF2D7008866B0 /* Resources */ = {
			isa = PBXResourcesBuildPhase;
			buildActionMask = 2147483647;
			files = (
			);
			runOnlyForDeploymentPostprocessing = 0;
		};
/* End PBXResourcesBuildPhase section */

/* Begin PBXShellScriptBuildPhase section */
		D17AE756A6358F0355340472 /* [CP] Check Pods Manifest.lock */ = {
			isa = PBXShellScriptBuildPhase;
			buildActionMask = 2147483647;
			files = (
			);
			inputFileListPaths = (
			);
			inputPaths = (
				"${PODS_PODFILE_DIR_PATH}/Podfile.lock",
				"${PODS_ROOT}/Manifest.lock",
			);
			name = "[CP] Check Pods Manifest.lock";
			outputFileListPaths = (
			);
			outputPaths = (
				"$(DERIVED_FILE_DIR)/Pods-ExponeaSDKProxy-checkManifestLockResult.txt",
			);
			runOnlyForDeploymentPostprocessing = 0;
			shellPath = /bin/sh;
			shellScript = "
";
			showEnvVarsInLog = 0;
		};
/* End PBXShellScriptBuildPhase section */

/* Begin PBXSourcesBuildPhase section */
		CC353BCB273BE9A500319DF9 /* Sources */ = {
			isa = PBXSourcesBuildPhase;
			buildActionMask = 2147483647;
			files = (
				CC353BE9273BE9E200319DF9 /* ConfigurationParserSpec.swift in Sources */,
				CC353BE2273BE9E200319DF9 /* Exponea+AnonymizeSpec.swift in Sources */,
				CC353BE3273BE9E200319DF9 /* ExponeaSpec.swift in Sources */,
				CC353BE8273BE9E200319DF9 /* Exponea+TrackingSpec.swift in Sources */,
				CC353BE4273BE9E200319DF9 /* MockExponea.swift in Sources */,
				CC353BE5273BE9E200319DF9 /* TestUtil.swift in Sources */,
				CC353BE6273BE9E200319DF9 /* JsonDataParserSpec.swift in Sources */,
				CC353BE7273BE9E200319DF9 /* Exponea+FetchingSpec.swift in Sources */,
			);
			runOnlyForDeploymentPostprocessing = 0;
		};
		CCE77DB626AFF2D7008866B0 /* Sources */ = {
			isa = PBXSourcesBuildPhase;
			buildActionMask = 2147483647;
			files = (
				558E93EA2A27699300015106 /* AppInboxMessage.swift in Sources */,
				CC48EA3426D510B9006B220D /* ConfigParser.swift in Sources */,
				CCFD457D27CF684100B4CF27 /* SimpleInAppMessage.swift in Sources */,
				CCCB26F127C3A8A20053792C /* InAppDelegate.swift in Sources */,
				CCABBB9326D632F200DC0DC4 /* ExponeaDataError.swift in Sources */,
				CCE77DCB26AFF353008866B0 /* Exponea.swift in Sources */,
				CCABBB9726D6331F00DC0DC4 /* NSDictionary+getSafely.swift in Sources */,
				CCABBB9126D632E000DC0DC4 /* ExponeaError.swift in Sources */,
				CCABBB9926D7875A00DC0DC4 /* AllRecommendationData.swift in Sources */,
				CCABBB9526D6330D00DC0DC4 /* JsonDataParser.swift in Sources */,
			);
			runOnlyForDeploymentPostprocessing = 0;
		};
/* End PBXSourcesBuildPhase section */

/* Begin PBXTargetDependency section */
		CC353BD5273BE9A500319DF9 /* PBXTargetDependency */ = {
			isa = PBXTargetDependency;
			target = CCE77DB926AFF2D7008866B0 /* ExponeaSDKProxy */;
			targetProxy = CC353BD4273BE9A500319DF9 /* PBXContainerItemProxy */;
		};
/* End PBXTargetDependency section */

/* Begin XCBuildConfiguration section */
		CC353BD6273BE9A500319DF9 /* Debug */ = {
			isa = XCBuildConfiguration;
			buildSettings = {
				CLANG_CXX_LANGUAGE_STANDARD = "gnu++17";
				CLANG_ENABLE_MODULES = YES;
				CODE_SIGN_IDENTITY = "iPhone Developer";
				"CODE_SIGN_IDENTITY[sdk=macosx*]" = "-";
				CODE_SIGN_STYLE = Manual;
				CURRENT_PROJECT_VERSION = 1;
				DEVELOPMENT_TEAM = "";
				GENERATE_INFOPLIST_FILE = YES;
				IPHONEOS_DEPLOYMENT_TARGET = 11.0;
				LD_RUNPATH_SEARCH_PATHS = (
					"$(inherited)",
					"@executable_path/Frameworks",
					"@loader_path/Frameworks",
				);
				MARKETING_VERSION = 1.0;
				PRODUCT_BUNDLE_IDENTIFIER = com.exponea.ExponeaSDKProxyTests;
				PRODUCT_NAME = "$(TARGET_NAME)";
				PROVISIONING_PROFILE_SPECIFIER = "";
				"PROVISIONING_PROFILE_SPECIFIER[sdk=macosx*]" = "";
				SWIFT_EMIT_LOC_STRINGS = NO;
				SWIFT_OBJC_BRIDGING_HEADER = "ExponeaSDKProxyTests/ExponeaSDKProxyTests-Bridging-Header.h";
				SWIFT_OPTIMIZATION_LEVEL = "-Onone";
				SWIFT_VERSION = 5.0;
				TARGETED_DEVICE_FAMILY = "1,2";
			};
			name = Debug;
		};
		CC353BD7273BE9A500319DF9 /* Release */ = {
			isa = XCBuildConfiguration;
			buildSettings = {
				CLANG_CXX_LANGUAGE_STANDARD = "gnu++17";
				CLANG_ENABLE_MODULES = YES;
				CODE_SIGN_IDENTITY = "iPhone Developer";
				"CODE_SIGN_IDENTITY[sdk=macosx*]" = "-";
				CODE_SIGN_STYLE = Manual;
				CURRENT_PROJECT_VERSION = 1;
				DEVELOPMENT_TEAM = "";
				GENERATE_INFOPLIST_FILE = YES;
				IPHONEOS_DEPLOYMENT_TARGET = 11.0;
				LD_RUNPATH_SEARCH_PATHS = (
					"$(inherited)",
					"@executable_path/Frameworks",
					"@loader_path/Frameworks",
				);
				MARKETING_VERSION = 1.0;
				PRODUCT_BUNDLE_IDENTIFIER = com.exponea.ExponeaSDKProxyTests;
				PRODUCT_NAME = "$(TARGET_NAME)";
				PROVISIONING_PROFILE_SPECIFIER = "";
				"PROVISIONING_PROFILE_SPECIFIER[sdk=macosx*]" = "";
				SWIFT_EMIT_LOC_STRINGS = NO;
				SWIFT_OBJC_BRIDGING_HEADER = "ExponeaSDKProxyTests/ExponeaSDKProxyTests-Bridging-Header.h";
				SWIFT_VERSION = 5.0;
				TARGETED_DEVICE_FAMILY = "1,2";
			};
			name = Release;
		};
		CCE77DC026AFF2D7008866B0 /* Debug */ = {
			isa = XCBuildConfiguration;
			buildSettings = {
				ALWAYS_SEARCH_USER_PATHS = NO;
				BUILD_LIBRARY_FOR_DISTRIBUTION = YES;
				CLANG_ANALYZER_NONNULL = YES;
				CLANG_ANALYZER_NUMBER_OBJECT_CONVERSION = YES_AGGRESSIVE;
				CLANG_CXX_LANGUAGE_STANDARD = "gnu++14";
				CLANG_CXX_LIBRARY = "libc++";
				CLANG_ENABLE_MODULES = YES;
				CLANG_ENABLE_OBJC_ARC = YES;
				CLANG_ENABLE_OBJC_WEAK = YES;
				CLANG_WARN_BLOCK_CAPTURE_AUTORELEASING = YES;
				CLANG_WARN_BOOL_CONVERSION = YES;
				CLANG_WARN_COMMA = YES;
				CLANG_WARN_CONSTANT_CONVERSION = YES;
				CLANG_WARN_DEPRECATED_OBJC_IMPLEMENTATIONS = YES;
				CLANG_WARN_DIRECT_OBJC_ISA_USAGE = YES_ERROR;
				CLANG_WARN_DOCUMENTATION_COMMENTS = YES;
				CLANG_WARN_EMPTY_BODY = YES;
				CLANG_WARN_ENUM_CONVERSION = YES;
				CLANG_WARN_INFINITE_RECURSION = YES;
				CLANG_WARN_INT_CONVERSION = YES;
				CLANG_WARN_NON_LITERAL_NULL_CONVERSION = YES;
				CLANG_WARN_OBJC_IMPLICIT_RETAIN_SELF = YES;
				CLANG_WARN_OBJC_LITERAL_CONVERSION = YES;
				CLANG_WARN_OBJC_ROOT_CLASS = YES_ERROR;
				CLANG_WARN_QUOTED_INCLUDE_IN_FRAMEWORK_HEADER = YES;
				CLANG_WARN_RANGE_LOOP_ANALYSIS = YES;
				CLANG_WARN_STRICT_PROTOTYPES = YES;
				CLANG_WARN_SUSPICIOUS_MOVE = YES;
				CLANG_WARN_UNGUARDED_AVAILABILITY = YES_AGGRESSIVE;
				CLANG_WARN_UNREACHABLE_CODE = YES;
				CLANG_WARN__DUPLICATE_METHOD_MATCH = YES;
				COPY_PHASE_STRIP = NO;
				CURRENT_PROJECT_VERSION = 1;
				DEBUG_INFORMATION_FORMAT = dwarf;
				ENABLE_STRICT_OBJC_MSGSEND = YES;
				ENABLE_TESTABILITY = YES;
				EXCLUDED_RECURSIVE_SEARCH_PATH_SUBDIRECTORIES = "*.nib *.lproj *.gch *.xcode* *.xcassets (*) .DS_Store CVS .svn .git .hg *.pbproj *.pbxproj";
				GCC_C_LANGUAGE_STANDARD = gnu11;
				GCC_DYNAMIC_NO_PIC = NO;
				GCC_NO_COMMON_BLOCKS = YES;
				GCC_OPTIMIZATION_LEVEL = 0;
				GCC_PREPROCESSOR_DEFINITIONS = (
					"DEBUG=1",
					"$(inherited)",
				);
				GCC_WARN_64_TO_32_BIT_CONVERSION = YES;
				GCC_WARN_ABOUT_RETURN_TYPE = YES_ERROR;
				GCC_WARN_UNDECLARED_SELECTOR = YES;
				GCC_WARN_UNINITIALIZED_AUTOS = YES_AGGRESSIVE;
				GCC_WARN_UNUSED_FUNCTION = YES;
				GCC_WARN_UNUSED_VARIABLE = YES;
				"HEADER_SEARCH_PATHS[arch=*]" = "";
				IPHONEOS_DEPLOYMENT_TARGET = 10.3;
				MTL_ENABLE_DEBUG_INFO = INCLUDE_SOURCE;
				MTL_FAST_MATH = YES;
				ONLY_ACTIVE_ARCH = YES;
				SDKROOT = iphoneos;
				SWIFT_ACTIVE_COMPILATION_CONDITIONS = DEBUG;
				SWIFT_OPTIMIZATION_LEVEL = "-Onone";
				VERSIONING_SYSTEM = "apple-generic";
				VERSION_INFO_PREFIX = "";
			};
			name = Debug;
		};
		CCE77DC126AFF2D7008866B0 /* Release */ = {
			isa = XCBuildConfiguration;
			buildSettings = {
				ALWAYS_SEARCH_USER_PATHS = NO;
				BUILD_LIBRARY_FOR_DISTRIBUTION = YES;
				CLANG_ANALYZER_NONNULL = YES;
				CLANG_ANALYZER_NUMBER_OBJECT_CONVERSION = YES_AGGRESSIVE;
				CLANG_CXX_LANGUAGE_STANDARD = "gnu++14";
				CLANG_CXX_LIBRARY = "libc++";
				CLANG_ENABLE_MODULES = YES;
				CLANG_ENABLE_OBJC_ARC = YES;
				CLANG_ENABLE_OBJC_WEAK = YES;
				CLANG_WARN_BLOCK_CAPTURE_AUTORELEASING = YES;
				CLANG_WARN_BOOL_CONVERSION = YES;
				CLANG_WARN_COMMA = YES;
				CLANG_WARN_CONSTANT_CONVERSION = YES;
				CLANG_WARN_DEPRECATED_OBJC_IMPLEMENTATIONS = YES;
				CLANG_WARN_DIRECT_OBJC_ISA_USAGE = YES_ERROR;
				CLANG_WARN_DOCUMENTATION_COMMENTS = YES;
				CLANG_WARN_EMPTY_BODY = YES;
				CLANG_WARN_ENUM_CONVERSION = YES;
				CLANG_WARN_INFINITE_RECURSION = YES;
				CLANG_WARN_INT_CONVERSION = YES;
				CLANG_WARN_NON_LITERAL_NULL_CONVERSION = YES;
				CLANG_WARN_OBJC_IMPLICIT_RETAIN_SELF = YES;
				CLANG_WARN_OBJC_LITERAL_CONVERSION = YES;
				CLANG_WARN_OBJC_ROOT_CLASS = YES_ERROR;
				CLANG_WARN_QUOTED_INCLUDE_IN_FRAMEWORK_HEADER = YES;
				CLANG_WARN_RANGE_LOOP_ANALYSIS = YES;
				CLANG_WARN_STRICT_PROTOTYPES = YES;
				CLANG_WARN_SUSPICIOUS_MOVE = YES;
				CLANG_WARN_UNGUARDED_AVAILABILITY = YES_AGGRESSIVE;
				CLANG_WARN_UNREACHABLE_CODE = YES;
				CLANG_WARN__DUPLICATE_METHOD_MATCH = YES;
				COPY_PHASE_STRIP = NO;
				CURRENT_PROJECT_VERSION = 1;
				DEBUG_INFORMATION_FORMAT = "dwarf-with-dsym";
				ENABLE_NS_ASSERTIONS = NO;
				ENABLE_STRICT_OBJC_MSGSEND = YES;
				"EXCLUDED_ARCHS[sdk=*]" = arm64;
				EXCLUDED_RECURSIVE_SEARCH_PATH_SUBDIRECTORIES = "*.nib *.lproj *.gch *.xcode* *.xcassets (*) .DS_Store CVS .svn .git .hg *.pbproj *.pbxproj";
				GCC_C_LANGUAGE_STANDARD = gnu11;
				GCC_NO_COMMON_BLOCKS = YES;
				GCC_WARN_64_TO_32_BIT_CONVERSION = YES;
				GCC_WARN_ABOUT_RETURN_TYPE = YES_ERROR;
				GCC_WARN_UNDECLARED_SELECTOR = YES;
				GCC_WARN_UNINITIALIZED_AUTOS = YES_AGGRESSIVE;
				GCC_WARN_UNUSED_FUNCTION = YES;
				GCC_WARN_UNUSED_VARIABLE = YES;
				IPHONEOS_DEPLOYMENT_TARGET = 10.3;
				MTL_ENABLE_DEBUG_INFO = NO;
				MTL_FAST_MATH = YES;
				SDKROOT = iphoneos;
				SWIFT_COMPILATION_MODE = wholemodule;
				SWIFT_OPTIMIZATION_LEVEL = "-O";
				VALIDATE_PRODUCT = YES;
				VERSIONING_SYSTEM = "apple-generic";
				VERSION_INFO_PREFIX = "";
			};
			name = Release;
		};
		CCE77DC326AFF2D7008866B0 /* Debug */ = {
			isa = XCBuildConfiguration;
			buildSettings = {
				APPLICATION_EXTENSION_API_ONLY = NO;
				ARCHS = "$(ARCHS_STANDARD)";
				BUILD_LIBRARY_FOR_DISTRIBUTION = NO;
				CLANG_ENABLE_MODULES = YES;
				CODE_SIGN_IDENTITY = "Apple Development";
				"CODE_SIGN_IDENTITY[sdk=iphoneos*]" = "iPhone Developer";
				"CODE_SIGN_IDENTITY[sdk=macosx*]" = "Mac Developer";
				CODE_SIGN_STYLE = Manual;
				DEFINES_MODULE = YES;
				DEVELOPMENT_TEAM = UVDCL7YSZS;
				DYLIB_COMPATIBILITY_VERSION = 1;
				DYLIB_CURRENT_VERSION = 1;
				DYLIB_INSTALL_NAME_BASE = "@rpath";
				ENABLE_BITCODE = NO;
				EXCLUDED_ARCHS = "";
				INFOPLIST_FILE = ExponeaSDKProxy/Info.plist;
				INSTALL_PATH = "$(LOCAL_LIBRARY_DIR)/Frameworks";
				IPHONEOS_DEPLOYMENT_TARGET = 11.0;
				LD_RUNPATH_SEARCH_PATHS = (
					"$(inherited)",
					"@executable_path/Frameworks",
					"@loader_path/Frameworks",
				);
				ONLY_ACTIVE_ARCH = YES;
				PRODUCT_BUNDLE_IDENTIFIER = com.exponea.ExponeaSDKProxy;
				PRODUCT_NAME = "$(TARGET_NAME:c99extidentifier)";
				PROVISIONING_PROFILE_SPECIFIER = "";
				"PROVISIONING_PROFILE_SPECIFIER[sdk=macosx*]" = "";
				SKIP_INSTALL = YES;
				SWIFT_OPTIMIZATION_LEVEL = "-Onone";
				SWIFT_VERSION = 5.0;
				TARGETED_DEVICE_FAMILY = "1,2";
			};
			name = Debug;
		};
		CCE77DC426AFF2D7008866B0 /* Release */ = {
			isa = XCBuildConfiguration;
			buildSettings = {
				APPLICATION_EXTENSION_API_ONLY = NO;
				ARCHS = "$(ARCHS_STANDARD)";
				BUILD_LIBRARY_FOR_DISTRIBUTION = NO;
				CLANG_ENABLE_MODULES = YES;
				CODE_SIGN_IDENTITY = "iPhone Developer";
				CODE_SIGN_STYLE = Manual;
				DEFINES_MODULE = YES;
				DEVELOPMENT_TEAM = UVDCL7YSZS;
				DYLIB_COMPATIBILITY_VERSION = 1;
				DYLIB_CURRENT_VERSION = 1;
				DYLIB_INSTALL_NAME_BASE = "@rpath";
				ENABLE_BITCODE = NO;
				EXCLUDED_ARCHS = "";
				INFOPLIST_FILE = ExponeaSDKProxy/Info.plist;
				INSTALL_PATH = "$(LOCAL_LIBRARY_DIR)/Frameworks";
				IPHONEOS_DEPLOYMENT_TARGET = 11.0;
				LD_RUNPATH_SEARCH_PATHS = (
					"$(inherited)",
					"@executable_path/Frameworks",
					"@loader_path/Frameworks",
				);
				PRODUCT_BUNDLE_IDENTIFIER = com.exponea.ExponeaSDKProxy;
				PRODUCT_NAME = "$(TARGET_NAME:c99extidentifier)";
				PROVISIONING_PROFILE_SPECIFIER = "";
				"PROVISIONING_PROFILE_SPECIFIER[sdk=macosx*]" = "";
				SKIP_INSTALL = YES;
				SWIFT_VERSION = 5.0;
				TARGETED_DEVICE_FAMILY = "1,2";
			};
			name = Release;
		};
/* End XCBuildConfiguration section */

/* Begin XCConfigurationList section */
		CC353BD8273BE9A500319DF9 /* Build configuration list for PBXNativeTarget "ExponeaSDKProxyTests" */ = {
			isa = XCConfigurationList;
			buildConfigurations = (
				CC353BD6273BE9A500319DF9 /* Debug */,
				CC353BD7273BE9A500319DF9 /* Release */,
			);
			defaultConfigurationIsVisible = 0;
			defaultConfigurationName = Release;
		};
		CCE77DB426AFF2D7008866B0 /* Build configuration list for PBXProject "ExponeaSDKProxy" */ = {
			isa = XCConfigurationList;
			buildConfigurations = (
				CCE77DC026AFF2D7008866B0 /* Debug */,
				CCE77DC126AFF2D7008866B0 /* Release */,
			);
			defaultConfigurationIsVisible = 0;
			defaultConfigurationName = Release;
		};
		CCE77DC226AFF2D7008866B0 /* Build configuration list for PBXNativeTarget "ExponeaSDKProxy" */ = {
			isa = XCConfigurationList;
			buildConfigurations = (
				CCE77DC326AFF2D7008866B0 /* Debug */,
				CCE77DC426AFF2D7008866B0 /* Release */,
			);
			defaultConfigurationIsVisible = 0;
			defaultConfigurationName = Release;
		};
/* End XCConfigurationList section */

/* Begin XCRemoteSwiftPackageReference section */
		CC353BEA273BEA5600319DF9 /* XCRemoteSwiftPackageReference "Nimble" */ = {
			isa = XCRemoteSwiftPackageReference;
			repositoryURL = "https://github.com/Quick/Nimble";
			requirement = {
				kind = upToNextMinorVersion;
				minimumVersion = 9.2.0;
			};
		};
		CC353BF0273BEA8200319DF9 /* XCRemoteSwiftPackageReference "Quick" */ = {
			isa = XCRemoteSwiftPackageReference;
			repositoryURL = "https://github.com/Quick/Quick";
			requirement = {
				kind = upToNextMinorVersion;
				minimumVersion = 4.0.0;
			};
		};
/* End XCRemoteSwiftPackageReference section */

/* Begin XCSwiftPackageProductDependency section */
		CC353BEB273BEA5600319DF9 /* Nimble */ = {
			isa = XCSwiftPackageProductDependency;
			package = CC353BEA273BEA5600319DF9 /* XCRemoteSwiftPackageReference "Nimble" */;
			productName = Nimble;
		};
		CC353BF1273BEA8200319DF9 /* Quick */ = {
			isa = XCSwiftPackageProductDependency;
			package = CC353BF0273BEA8200319DF9 /* XCRemoteSwiftPackageReference "Quick" */;
			productName = Quick;
		};
/* End XCSwiftPackageProductDependency section */
	};
	rootObject = CCE77DB126AFF2D7008866B0 /* Project object */;
}
