
Microsoft Visual Studio Solution File, Format Version 12.00
# Visual Studio Version 16
VisualStudioVersion = 16.0.810.6
MinimumVisualStudioVersion = 10.0.40219.1
Project("{FAE04EC0-301F-11D3-BF4B-00C04F79EFBC}") = "PaperDB", "PaperDB.csproj", "{BA5275D1-AC90-4393-A2EE-7827B554F4D4}"
EndProject
Global
	GlobalSection(SolutionConfigurationPlatforms) = preSolution
		Debug|Any CPU = Debug|Any CPU
		Release|Any CPU = Release|Any CPU
	EndGlobalSection
	GlobalSection(ProjectConfigurationPlatforms) = postSolution
		{BA5275D1-AC90-4393-A2EE-7827B554F4D4}.Debug|Any CPU.ActiveCfg = Debug|Any CPU
		{BA5275D1-AC90-4393-A2EE-7827B554F4D4}.Debug|Any CPU.Build.0 = Debug|Any CPU
		{BA5275D1-AC90-4393-A2EE-7827B554F4D4}.Release|Any CPU.ActiveCfg = Release|Any CPU
		{BA5275D1-AC90-4393-A2EE-7827B554F4D4}.Release|Any CPU.Build.0 = Release|Any CPU
	EndGlobalSection
	GlobalSection(SolutionProperties) = preSolution
		HideSolutionNode = FALSE
	EndGlobalSection
	GlobalSection(ExtensibilityGlobals) = postSolution
		SolutionGuid = {16B809E2-409B-44D5-B1F1-DA2B5D4F421C}
	EndGlobalSection
EndGlobal
